
Microsoft Visual Studio Solution File, Format Version 11.00
# Visual C# Express 2010
Project("{FAE04EC0-301F-11D3-BF4B-00C04F79EFBC}") = "Pong", "Pong\Pong.csproj", "{0D7AC51E-ED3C-4ADE-B50A-261274030C45}"
EndProject
Global
	GlobalSection(SolutionConfigurationPlatforms) = preSolution
		Debug|Any CPU = Debug|Any CPU
		Release|Any CPU = Release|Any CPU
	EndGlobalSection
	GlobalSection(ProjectConfigurationPlatforms) = postSolution
		{0D7AC51E-ED3C-4ADE-B50A-261274030C45}.Debug|Any CPU.ActiveCfg = Debug|Any CPU
		{0D7AC51E-ED3C-4ADE-B50A-261274030C45}.Debug|Any CPU.Build.0 = Debug|Any CPU
		{0D7AC51E-ED3C-4ADE-B50A-261274030C45}.Release|Any CPU.ActiveCfg = Release|Any CPU
		{0D7AC51E-ED3C-4ADE-B50A-261274030C45}.Release|Any CPU.Build.0 = Release|Any CPU
	EndGlobalSection
	GlobalSection(SolutionProperties) = preSolution
		HideSolutionNode = FALSE
	EndGlobalSection
EndGlobal
